Microsoft Visual Studio Solution File, Format Version 12.00
# Visual Studio 2012
Project("{FAE04EC0-301F-11D3-BF4B-00C04F79EFBC}") = "Miorga Fight", "Miorga Fight.csproj", "{3E3D2B02-145F-479B-9C94-AA8E9032B1A5}"
EndProject
Global
	GlobalSection(SolutionConfigurationPlatforms) = preSolution
	Debug|Any CPU = Debug|Any CPU
	ExportDebug|Any CPU = ExportDebug|Any CPU
	ExportRelease|Any CPU = ExportRelease|Any CPU
	EndGlobalSection
	GlobalSection(ProjectConfigurationPlatforms) = postSolution
		{3E3D2B02-145F-479B-9C94-AA8E9032B1A5}.Debug|Any CPU.ActiveCfg = Debug|Any CPU
		{3E3D2B02-145F-479B-9C94-AA8E9032B1A5}.Debug|Any CPU.Build.0 = Debug|Any CPU
		{3E3D2B02-145F-479B-9C94-AA8E9032B1A5}.ExportDebug|Any CPU.ActiveCfg = ExportDebug|Any CPU
		{3E3D2B02-145F-479B-9C94-AA8E9032B1A5}.ExportDebug|Any CPU.Build.0 = ExportDebug|Any CPU
		{3E3D2B02-145F-479B-9C94-AA8E9032B1A5}.ExportRelease|Any CPU.ActiveCfg = ExportRelease|Any CPU
		{3E3D2B02-145F-479B-9C94-AA8E9032B1A5}.ExportRelease|Any CPU.Build.0 = ExportRelease|Any CPU
	EndGlobalSection
EndGlobal
